{
  "nodes": {
    "agda": {
      "inputs": {
        "flake-utils": [
          "agda-cubical",
          "flake-utils"
        ],
        "nixpkgs": [
          "agda-cubical",
          "nixpkgs"
        ]
      },
      "locked": {
        "lastModified": 1701366566,
        "narHash": "sha256-B8Jmjld0gGbkVO08GsovVqrUXCs8VfJ8UdM3sjHnzgM=",
        "owner": "agda",
        "repo": "agda",
        "rev": "4293e0a94d15acac915ab9088b2ec028f78d14a9",
        "type": "github"
      },
      "original": {
        "owner": "agda",
        "ref": "v2.6.4.1",
        "repo": "agda",
        "type": "github"
      }
    },
    "agda-cubical": {
      "inputs": {
        "agda": "agda",
        "flake-compat": "flake-compat",
        "flake-utils": "flake-utils",
        "nixpkgs": [
          "nixpkgs"
        ]
      },
      "locked": {
        "lastModified": 1736140277,
        "narHash": "sha256-3pTaQGJPDh9G68RmQAZM7AgBQ8jcqvEUteQep0MsVhw=",
        "owner": "agda",
        "repo": "cubical",
        "rev": "2f085f5675066c0e1708752587ae788c036ade87",
        "type": "github"
      },
      "original": {
        "owner": "agda",
        "ref": "2f085f5",
        "repo": "cubical",
        "type": "github"
      }
    },
    "agda-index": {
      "inputs": {
        "flake-utils": "flake-utils_2",
        "nixpkgs": [
          "nixpkgs"
        ]
      },
      "locked": {
        "lastModified": 1713630691,
        "narHash": "sha256-JudzuSlSK0Vtw5o7x/CRgI6Bp5zuuhWvR71qdIzBQ9Y=",
        "owner": "phijor",
        "repo": "agda-index",
        "rev": "c37a0df72349b36094c6a75edb0bca3ab4241994",
        "type": "github"
      },
      "original": {
        "owner": "phijor",
        "repo": "agda-index",
        "type": "github"
      }
    },
    "cubical-containers": {
      "inputs": {
        "cubical": [
          "agda-cubical"
        ],
        "flake-utils": "flake-utils_3",
        "nixpkgs": [
          "nixpkgs"
        ]
      },
      "locked": {
        "lastModified": 1736774244,
        "narHash": "sha256-gk7aGoOvqv/Mr3v+Hce72ZeG/y+D6ODArlFFiVkFEB8=",
        "owner": "phijor",
        "repo": "cubical-containers",
        "rev": "c53c74559e51e612ccc4c3e785d8f5e38016f4c1",
        "type": "github"
      },
      "original": {
        "owner": "phijor",
        "repo": "cubical-containers",
        "type": "github"
      }
    },
    "flake-compat": {
      "flake": false,
      "locked": {
        "lastModified": 1696426674,
        "narHash": "sha256-kvjfFW7WAETZlt09AgDn1MrtKzP7t90Vf7vypd3OL1U=",
        "owner": "edolstra",
        "repo": "flake-compat",
        "rev": "0f9255e01c2351cc7d116c072cb317785dd33b33",
        "type": "github"
      },
      "original": {
        "owner": "edolstra",
        "repo": "flake-compat",
        "type": "github"
      }
    },
    "flake-utils": {
      "inputs": {
        "systems": "systems"
      },
      "locked": {
        "lastModified": 1705309234,
        "narHash": "sha256-uNRRNRKmJyCRC/8y1RqBkqWBLM034y4qN7EprSdmgyA=",
        "owner": "numtide",
        "repo": "flake-utils",
        "rev": "1ef2e671c3b0c19053962c07dbda38332dcebf26",
        "type": "github"
      },
      "original": {
        "owner": "numtide",
        "repo": "flake-utils",
        "type": "github"
      }
    },
    "flake-utils_2": {
      "inputs": {
        "systems": "systems_2"
      },
      "locked": {
        "lastModified": 1710146030,
        "narHash": "sha256-SZ5L6eA7HJ/nmkzGG7/ISclqe6oZdOZTNoesiInkXPQ=",
        "owner": "numtide",
        "repo": "flake-utils",
        "rev": "b1d9ab70662946ef0850d488da1c9019f3a9752a",
        "type": "github"
      },
      "original": {
        "owner": "numtide",
        "repo": "flake-utils",
        "type": "github"
      }
    },
    "flake-utils_3": {
      "inputs": {
        "systems": "systems_3"
      },
      "locked": {
        "lastModified": 1726560853,
        "narHash": "sha256-X6rJYSESBVr3hBoH0WbKE5KvhPU5bloyZ2L4K60/fPQ=",
        "owner": "numtide",
        "repo": "flake-utils",
        "rev": "c1dfcf08411b08f6b8615f7d8971a2bfa81d5e8a",
        "type": "github"
      },
      "original": {
        "owner": "numtide",
        "repo": "flake-utils",
        "type": "github"
      }
    },
    "nixpkgs": {
      "locked": {
        "lastModified": 1736012469,
        "narHash": "sha256-/qlNWm/IEVVH7GfgAIyP6EsVZI6zjAx1cV5zNyrs+rI=",
        "owner": "NixOS",
        "repo": "nixpkgs",
        "rev": "8f3e1f807051e32d8c95cd12b9b421623850a34d",
        "type": "github"
      },
      "original": {
        "id": "nixpkgs",
        "ref": "nixos-unstable",
        "type": "indirect"
      }
    },
    "root": {
      "inputs": {
        "agda-cubical": "agda-cubical",
        "agda-index": "agda-index",
        "cubical-containers": "cubical-containers",
        "nixpkgs": "nixpkgs"
      }
    },
    "systems": {
      "locked": {
        "lastModified": 1681028828,
        "narHash": "sha256-Vy1rq5AaRuLzOxct8nz4T6wlgyUR7zLU309k9mBC768=",
        "owner": "nix-systems",
        "repo": "default",
        "rev": "da67096a3b9bf56a91d16901293e51ba5b49a27e",
        "type": "github"
      },
      "original": {
        "owner": "nix-systems",
        "repo": "default",
        "type": "github"
      }
    },
    "systems_2": {
      "locked": {
        "lastModified": 1681028828,
        "narHash": "sha256-Vy1rq5AaRuLzOxct8nz4T6wlgyUR7zLU309k9mBC768=",
        "owner": "nix-systems",
        "repo": "default",
        "rev": "da67096a3b9bf56a91d16901293e51ba5b49a27e",
        "type": "github"
      },
      "original": {
        "owner": "nix-systems",
        "repo": "default",
        "type": "github"
      }
    },
    "systems_3": {
      "locked": {
        "lastModified": 1681028828,
        "narHash": "sha256-Vy1rq5AaRuLzOxct8nz4T6wlgyUR7zLU309k9mBC768=",
        "owner": "nix-systems",
        "repo": "default",
        "rev": "da67096a3b9bf56a91d16901293e51ba5b49a27e",
        "type": "github"
      },
      "original": {
        "owner": "nix-systems",
        "repo": "default",
        "type": "github"
      }
    }
  },
  "root": "root",
  "version": 7
}
