{
  "nodes": {
    "cubical-categorical-logic": {
      "flake": false,
      "locked": {
        "lastModified": 1726839314,
        "narHash": "sha256-8rSEJD0yNQviBuYsOd6DVySOAsGneJInuoLzc6vq3ow=",
        "owner": "maxsnew",
        "repo": "cubical-categorical-logic",
        "rev": "feaab165b818fe900bd32eaa387ab350cf1ec4e5",
        "type": "github"
      },
      "original": {
        "owner": "maxsnew",
        "ref": "feaab16",
        "repo": "cubical-categorical-logic",
        "type": "github"
      }
    },
    "cubical-containers": {
      "flake": false,
      "locked": {
        "lastModified": 1728051408,
        "narHash": "sha256-+w/rOrv0dFYY4shaCcd1R2buZoawXL5aCbs8jchzJJs=",
        "owner": "phijor",
        "repo": "cubical-containers",
        "rev": "90eab1815136b1607cedebd5c240c8f25acf6949",
        "type": "github"
      },
      "original": {
        "owner": "phijor",
        "ref": "90eab18",
        "repo": "cubical-containers",
        "type": "github"
      }
    },
    "nixpkgs": {
      "locked": {
        "lastModified": 1751792365,
        "narHash": "sha256-J1kI6oAj25IG4EdVlg2hQz8NZTBNYvIS0l4wpr9KcUo=",
        "owner": "NixOS",
        "repo": "nixpkgs",
        "rev": "1fd8bada0b6117e6c7eb54aad5813023eed37ccb",
        "type": "github"
      },
      "original": {
        "id": "nixpkgs",
        "ref": "nixos-unstable",
        "type": "indirect"
      }
    },
    "root": {
      "inputs": {
        "cubical-categorical-logic": "cubical-categorical-logic",
        "cubical-containers": "cubical-containers",
        "nixpkgs": "nixpkgs"
      }
    }
  },
  "root": "root",
  "version": 7
}
